// !$*UTF8*$!
{
	archiveVersion = 1;
	classes = {
	};
	objectVersion = 50;
	objects = {

/* Begin PBXBuildFile section */
		92207FC821508DE2007040D6 /* LocationCellTableViewController.swift in Sources */ = {isa = PBXBuildFile; fileRef = 92207FC721508DE2007040D6 /* LocationCellTableViewController.swift */; };
		922AF282214BAF2F00779E65 /* LocationsViewController.swift in Sources */ = {isa = PBXBuildFile; fileRef = 922AF281214BAF2F00779E65 /* LocationsViewController.swift */; };
		924ADA532146A31300530001 /* Functions.swift in Sources */ = {isa = PBXBuildFile; fileRef = 924ADA522146A31300530001 /* Functions.swift */; };
		924ADA562146A9CD00530001 /* DataModel.xcdatamodeld in Sources */ = {isa = PBXBuildFile; fileRef = 924ADA542146A9CC00530001 /* DataModel.xcdatamodeld */; };
		924ADA592146B09A00530001 /* Location+CoreDataClass.swift in Sources */ = {isa = PBXBuildFile; fileRef = 924ADA572146B09A00530001 /* Location+CoreDataClass.swift */; };
		924ADA5A2146B09A00530001 /* Location+CoreDataProperties.swift in Sources */ = {isa = PBXBuildFile; fileRef = 924ADA582146B09A00530001 /* Location+CoreDataProperties.swift */; };
		924CA80F213F6C19006A8164 /* AppDelegate.swift in Sources */ = {isa = PBXBuildFile; fileRef = 924CA80E213F6C19006A8164 /* AppDelegate.swift */; };
		924CA811213F6C19006A8164 /* CurrentLocationViewController.swift in Sources */ = {isa = PBXBuildFile; fileRef = 924CA810213F6C19006A8164 /* CurrentLocationViewController.swift */; };
		924CA816213F6C19006A8164 /* Main.storyboard in Resources */ = {isa = PBXBuildFile; fileRef = 924CA814213F6C19006A8164 /* Main.storyboard */; };
		924CA818213F6C1E006A8164 /* Assets.xcassets in Resources */ = {isa = PBXBuildFile; fileRef = 924CA817213F6C1E006A8164 /* Assets.xcassets */; };
		924CA81B213F6C1E006A8164 /* LaunchScreen.storyboard in Resources */ = {isa = PBXBuildFile; fileRef = 924CA819213F6C1E006A8164 /* LaunchScreen.storyboard */; };
		92A7118D21548D6A005ED4B0 /* MapKit.framework in Frameworks */ = {isa = PBXBuildFile; fileRef = 92A7118C21548D6A005ED4B0 /* MapKit.framework */; };
		92A7118F21549036005ED4B0 /* MapViewController.swift in Sources */ = {isa = PBXBuildFile; fileRef = 92A7118E21549036005ED4B0 /* MapViewController.swift */; };
		92D2E298215BC58100A78644 /* UIImage+Resize.swift in Sources */ = {isa = PBXBuildFile; fileRef = 92D2E297215BC58100A78644 /* UIImage+Resize.swift */; };
		92D2E29A215C518800A78644 /* String+AddText.swift in Sources */ = {isa = PBXBuildFile; fileRef = 92D2E299215C518800A78644 /* String+AddText.swift */; };
		92D2E29C215C6EFA00A78644 /* MyTabBarController.swift in Sources */ = {isa = PBXBuildFile; fileRef = 92D2E29B215C6EFA00A78644 /* MyTabBarController.swift */; };
		92D2E29E215C713F00A78644 /* MyImagePickerController.swift in Sources */ = {isa = PBXBuildFile; fileRef = 92D2E29D215C713F00A78644 /* MyImagePickerController.swift */; };
		92E2974F21421E5A00672E0C /* CategoryPickerViewController.swift in Sources */ = {isa = PBXBuildFile; fileRef = 92E2974E21421E5A00672E0C /* CategoryPickerViewController.swift */; };
		92E2975121424CB800672E0C /* HudView.swift in Sources */ = {isa = PBXBuildFile; fileRef = 92E2975021424CB700672E0C /* HudView.swift */; };
		92F237532140D1740026473D /* LocationDetailsViewController.swift in Sources */ = {isa = PBXBuildFile; fileRef = 92F237522140D1740026473D /* LocationDetailsViewController.swift */; };
/* End PBXBuildFile section */

/* Begin PBXFileReference section */
		92207FC721508DE2007040D6 /* LocationCellTableViewController.swift */ = {isa = PBXFileReference; lastKnownFileType = sourcecode.swift; path = LocationCellTableViewController.swift; sourceTree = "<group>"; };
		922AF281214BAF2F00779E65 /* LocationsViewController.swift */ = {isa = PBXFileReference; lastKnownFileType = sourcecode.swift; path = LocationsViewController.swift; sourceTree = "<group>"; };
		924ADA522146A31300530001 /* Functions.swift */ = {isa = PBXFileReference; lastKnownFileType = sourcecode.swift; path = Functions.swift; sourceTree = "<group>"; };
		924ADA552146A9CC00530001 /* DataModel.xcdatamodel */ = {isa = PBXFileReference; lastKnownFileType = wrapper.xcdatamodel; path = DataModel.xcdatamodel; sourceTree = "<group>"; };
		924ADA572146B09A00530001 /* Location+CoreDataClass.swift */ = {isa = PBXFileReference; lastKnownFileType = sourcecode.swift; path = "Location+CoreDataClass.swift"; sourceTree = "<group>"; };
		924ADA582146B09A00530001 /* Location+CoreDataProperties.swift */ = {isa = PBXFileReference; lastKnownFileType = sourcecode.swift; path = "Location+CoreDataProperties.swift"; sourceTree = "<group>"; };
		924CA80B213F6C19006A8164 /* MyLocations2.app */ = {isa = PBXFileReference; explicitFileType = wrapper.application; includeInIndex = 0; path = MyLocations2.app; sourceTree = BUILT_PRODUCTS_DIR; };
		924CA80E213F6C19006A8164 /* AppDelegate.swift */ = {isa = PBXFileReference; lastKnownFileType = sourcecode.swift; path = AppDelegate.swift; sourceTree = "<group>"; };
		924CA810213F6C19006A8164 /* CurrentLocationViewController.swift */ = {isa = PBXFileReference; lastKnownFileType = sourcecode.swift; path = CurrentLocationViewController.swift; sourceTree = "<group>"; };
		924CA815213F6C19006A8164 /* Base */ = {isa = PBXFileReference; lastKnownFileType = file.storyboard; name = Base; path = Base.lproj/Main.storyboard; sourceTree = "<group>"; };
		924CA817213F6C1E006A8164 /* Assets.xcassets */ = {isa = PBXFileReference; lastKnownFileType = folder.assetcatalog; path = Assets.xcassets; sourceTree = "<group>"; };
		924CA81A213F6C1E006A8164 /* Base */ = {isa = PBXFileReference; lastKnownFileType = file.storyboard; name = Base; path = Base.lproj/LaunchScreen.storyboard; sourceTree = "<group>"; };
		924CA81C213F6C1E006A8164 /* Info.plist */ = {isa = PBXFileReference; lastKnownFileType = text.plist.xml; path = Info.plist; sourceTree = "<group>"; };
		92A7118C21548D6A005ED4B0 /* MapKit.framework */ = {isa = PBXFileReference; lastKnownFileType = wrapper.framework; name = MapKit.framework; path = System/Library/Frameworks/MapKit.framework; sourceTree = SDKROOT; };
		92A7118E21549036005ED4B0 /* MapViewController.swift */ = {isa = PBXFileReference; lastKnownFileType = sourcecode.swift; path = MapViewController.swift; sourceTree = "<group>"; };
		92D2E297215BC58100A78644 /* UIImage+Resize.swift */ = {isa = PBXFileReference; lastKnownFileType = sourcecode.swift; path = "UIImage+Resize.swift"; sourceTree = "<group>"; };
		92D2E299215C518800A78644 /* String+AddText.swift */ = {isa = PBXFileReference; lastKnownFileType = sourcecode.swift; path = "String+AddText.swift"; sourceTree = "<group>"; };
		92D2E29B215C6EFA00A78644 /* MyTabBarController.swift */ = {isa = PBXFileReference; lastKnownFileType = sourcecode.swift; path = MyTabBarController.swift; sourceTree = "<group>"; };
		92D2E29D215C713F00A78644 /* MyImagePickerController.swift */ = {isa = PBXFileReference; lastKnownFileType = sourcecode.swift; path = MyImagePickerController.swift; sourceTree = "<group>"; };
		92E2974E21421E5A00672E0C /* CategoryPickerViewController.swift */ = {isa = PBXFileReference; lastKnownFileType = sourcecode.swift; path = CategoryPickerViewController.swift; sourceTree = "<group>"; };
		92E2975021424CB700672E0C /* HudView.swift */ = {isa = PBXFileReference; lastKnownFileType = sourcecode.swift; path = HudView.swift; sourceTree = "<group>"; };
		92F237522140D1740026473D /* LocationDetailsViewController.swift */ = {isa = PBXFileReference; lastKnownFileType = sourcecode.swift; path = LocationDetailsViewController.swift; sourceTree = "<group>"; };
/* End PBXFileReference section */

/* Begin PBXFrameworksBuildPhase section */
		924CA808213F6C19006A8164 /* Frameworks */ = {
			isa = PBXFrameworksBuildPhase;
			buildActionMask = 2147483647;
			files = (
				92A7118D21548D6A005ED4B0 /* MapKit.framework in Frameworks */,
			);
			runOnlyForDeploymentPostprocessing = 0;
		};
/* End PBXFrameworksBuildPhase section */

/* Begin PBXGroup section */
		924CA802213F6C19006A8164 = {
			isa = PBXGroup;
			children = (
				924ADA572146B09A00530001 /* Location+CoreDataClass.swift */,
				924ADA582146B09A00530001 /* Location+CoreDataProperties.swift */,
				924CA80D213F6C19006A8164 /* MyLocations2 */,
				924CA80C213F6C19006A8164 /* Products */,
				92A7118B21548D6A005ED4B0 /* Frameworks */,
			);
			sourceTree = "<group>";
		};
		924CA80C213F6C19006A8164 /* Products */ = {
			isa = PBXGroup;
			children = (
				924CA80B213F6C19006A8164 /* MyLocations2.app */,
			);
			name = Products;
			sourceTree = "<group>";
		};
		924CA80D213F6C19006A8164 /* MyLocations2 */ = {
			isa = PBXGroup;
			children = (
				924CA81C213F6C1E006A8164 /* Info.plist */,
				924CA80E213F6C19006A8164 /* AppDelegate.swift */,
				92E2974E21421E5A00672E0C /* CategoryPickerViewController.swift */,
				924CA810213F6C19006A8164 /* CurrentLocationViewController.swift */,
				924ADA522146A31300530001 /* Functions.swift */,
				92E2975021424CB700672E0C /* HudView.swift */,
				92207FC721508DE2007040D6 /* LocationCellTableViewController.swift */,
				92F237522140D1740026473D /* LocationDetailsViewController.swift */,
				922AF281214BAF2F00779E65 /* LocationsViewController.swift */,
				92A7118E21549036005ED4B0 /* MapViewController.swift */,
				92D2E29D215C713F00A78644 /* MyImagePickerController.swift */,
				92D2E29B215C6EFA00A78644 /* MyTabBarController.swift */,
				92D2E299215C518800A78644 /* String+AddText.swift */,
				92D2E297215BC58100A78644 /* UIImage+Resize.swift */,
				924CA817213F6C1E006A8164 /* Assets.xcassets */,
				924ADA542146A9CC00530001 /* DataModel.xcdatamodeld */,
				924CA819213F6C1E006A8164 /* LaunchScreen.storyboard */,
				924CA814213F6C19006A8164 /* Main.storyboard */,
			);
			path = MyLocations2;
			sourceTree = "<group>";
		};
		92A7118B21548D6A005ED4B0 /* Frameworks */ = {
			isa = PBXGroup;
			children = (
				92A7118C21548D6A005ED4B0 /* MapKit.framework */,
			);
			name = Frameworks;
			sourceTree = "<group>";
		};
/* End PBXGroup section */

/* Begin PBXNativeTarget section */
		924CA80A213F6C19006A8164 /* MyLocations2 */ = {
			isa = PBXNativeTarget;
			buildConfigurationList = 924CA81F213F6C1E006A8164 /* Build configuration list for PBXNativeTarget "MyLocations2" */;
			buildPhases = (
				924CA807213F6C19006A8164 /* Sources */,
				924CA808213F6C19006A8164 /* Frameworks */,
				924CA809213F6C19006A8164 /* Resources */,
			);
			buildRules = (
			);
			dependencies = (
			);
			name = MyLocations2;
			productName = MyLocations2;
			productReference = 924CA80B213F6C19006A8164 /* MyLocations2.app */;
			productType = "com.apple.product-type.application";
		};
/* End PBXNativeTarget section */

/* Begin PBXProject section */
		924CA803213F6C19006A8164 /* Project object */ = {
			isa = PBXProject;
			attributes = {
				LastSwiftUpdateCheck = 0940;
				LastUpgradeCheck = 0940;
				ORGANIZATIONNAME = "Kim Yeon Jeong";
				TargetAttributes = {
					924CA80A213F6C19006A8164 = {
						CreatedOnToolsVersion = 9.4.1;
						SystemCapabilities = {
							com.apple.Maps.iOS = {
								enabled = 1;
							};
						};
					};
				};
			};
			buildConfigurationList = 924CA806213F6C19006A8164 /* Build configuration list for PBXProject "MyLocations2" */;
			compatibilityVersion = "Xcode 9.3";
			developmentRegion = en;
			hasScannedForEncodings = 0;
			knownRegions = (
				en,
				Base,
			);
			mainGroup = 924CA802213F6C19006A8164;
			productRefGroup = 924CA80C213F6C19006A8164 /* Products */;
			projectDirPath = "";
			projectRoot = "";
			targets = (
				924CA80A213F6C19006A8164 /* MyLocations2 */,
			);
		};
/* End PBXProject section */

/* Begin PBXResourcesBuildPhase section */
		924CA809213F6C19006A8164 /* Resources */ = {
			isa = PBXResourcesBuildPhase;
			buildActionMask = 2147483647;
			files = (
				924CA81B213F6C1E006A8164 /* LaunchScreen.storyboard in Resources */,
				924CA818213F6C1E006A8164 /* Assets.xcassets in Resources */,
				924CA816213F6C19006A8164 /* Main.storyboard in Resources */,
			);
			runOnlyForDeploymentPostprocessing = 0;
		};
/* End PBXResourcesBuildPhase section */

/* Begin PBXSourcesBuildPhase section */
		924CA807213F6C19006A8164 /* Sources */ = {
			isa = PBXSourcesBuildPhase;
			buildActionMask = 2147483647;
			files = (
				92207FC821508DE2007040D6 /* LocationCellTableViewController.swift in Sources */,
				92F237532140D1740026473D /* LocationDetailsViewController.swift in Sources */,
				924ADA562146A9CD00530001 /* DataModel.xcdatamodeld in Sources */,
				92D2E29E215C713F00A78644 /* MyImagePickerController.swift in Sources */,
				92E2975121424CB800672E0C /* HudView.swift in Sources */,
				922AF282214BAF2F00779E65 /* LocationsViewController.swift in Sources */,
				92A7118F21549036005ED4B0 /* MapViewController.swift in Sources */,
				92D2E298215BC58100A78644 /* UIImage+Resize.swift in Sources */,
				924ADA5A2146B09A00530001 /* Location+CoreDataProperties.swift in Sources */,
				924ADA532146A31300530001 /* Functions.swift in Sources */,
				924CA80F213F6C19006A8164 /* AppDelegate.swift in Sources */,
				924ADA592146B09A00530001 /* Location+CoreDataClass.swift in Sources */,
				92D2E29A215C518800A78644 /* String+AddText.swift in Sources */,
				92E2974F21421E5A00672E0C /* CategoryPickerViewController.swift in Sources */,
				924CA811213F6C19006A8164 /* CurrentLocationViewController.swift in Sources */,
				92D2E29C215C6EFA00A78644 /* MyTabBarController.swift in Sources */,
			);
			runOnlyForDeploymentPostprocessing = 0;
		};
/* End PBXSourcesBuildPhase section */

/* Begin PBXVariantGroup section */
		924CA814213F6C19006A8164 /* Main.storyboard */ = {
			isa = PBXVariantGroup;
			children = (
				924CA815213F6C19006A8164 /* Base */,
			);
			name = Main.storyboard;
			sourceTree = "<group>";
		};
		924CA819213F6C1E006A8164 /* LaunchScreen.storyboard */ = {
			isa = PBXVariantGroup;
			children = (
				924CA81A213F6C1E006A8164 /* Base */,
			);
			name = LaunchScreen.storyboard;
			sourceTree = "<group>";
		};
/* End PBXVariantGroup section */

/* Begin XCBuildConfiguration section */
		924CA81D213F6C1E006A8164 /* Debug */ = {
			isa = XCBuildConfiguration;
			buildSettings = {
				ALWAYS_SEARCH_USER_PATHS = NO;
				CLANG_ANALYZER_NONNULL = YES;
				CLANG_ANALYZER_NUMBER_OBJECT_CONVERSION = YES_AGGRESSIVE;
				CLANG_CXX_LANGUAGE_STANDARD = "gnu++14";
				CLANG_CXX_LIBRARY = "libc++";
				CLANG_ENABLE_MODULES = YES;
				CLANG_ENABLE_OBJC_ARC = YES;
				CLANG_ENABLE_OBJC_WEAK = YES;
				CLANG_WARN_BLOCK_CAPTURE_AUTORELEASING = YES;
				CLANG_WARN_BOOL_CONVERSION = YES;
				CLANG_WARN_COMMA = YES;
				CLANG_WARN_CONSTANT_CONVERSION = YES;
				CLANG_WARN_DEPRECATED_OBJC_IMPLEMENTATIONS = YES;
				CLANG_WARN_DIRECT_OBJC_ISA_USAGE = YES_ERROR;
				CLANG_WARN_DOCUMENTATION_COMMENTS = YES;
				CLANG_WARN_EMPTY_BODY = YES;
				CLANG_WARN_ENUM_CONVERSION = YES;
				CLANG_WARN_INFINITE_RECURSION = YES;
				CLANG_WARN_INT_CONVERSION = YES;
				CLANG_WARN_NON_LITERAL_NULL_CONVERSION = YES;
				CLANG_WARN_OBJC_IMPLICIT_RETAIN_SELF = YES;
				CLANG_WARN_OBJC_LITERAL_CONVERSION = YES;
				CLANG_WARN_OBJC_ROOT_CLASS = YES_ERROR;
				CLANG_WARN_RANGE_LOOP_ANALYSIS = YES;
				CLANG_WARN_STRICT_PROTOTYPES = YES;
				CLANG_WARN_SUSPICIOUS_MOVE = YES;
				CLANG_WARN_UNGUARDED_AVAILABILITY = YES_AGGRESSIVE;
				CLANG_WARN_UNREACHABLE_CODE = YES;
				CLANG_WARN__DUPLICATE_METHOD_MATCH = YES;
				CODE_SIGN_IDENTITY = "iPhone Developer";
				COPY_PHASE_STRIP = NO;
				DEBUG_INFORMATION_FORMAT = dwarf;
				ENABLE_STRICT_OBJC_MSGSEND = YES;
				ENABLE_TESTABILITY = YES;
				GCC_C_LANGUAGE_STANDARD = gnu11;
				GCC_DYNAMIC_NO_PIC = NO;
				GCC_NO_COMMON_BLOCKS = YES;
				GCC_OPTIMIZATION_LEVEL = 0;
				GCC_PREPROCESSOR_DEFINITIONS = (
					"DEBUG=1",
					"$(inherited)",
				);
				GCC_WARN_64_TO_32_BIT_CONVERSION = YES;
				GCC_WARN_ABOUT_RETURN_TYPE = YES_ERROR;
				GCC_WARN_UNDECLARED_SELECTOR = YES;
				GCC_WARN_UNINITIALIZED_AUTOS = YES_AGGRESSIVE;
				GCC_WARN_UNUSED_FUNCTION = YES;
				GCC_WARN_UNUSED_VARIABLE = YES;
				IPHONEOS_DEPLOYMENT_TARGET = 11.4;
				MTL_ENABLE_DEBUG_INFO = YES;
				ONLY_ACTIVE_ARCH = YES;
				SDKROOT = iphoneos;
				SWIFT_ACTIVE_COMPILATION_CONDITIONS = DEBUG;
				SWIFT_OPTIMIZATION_LEVEL = "-Onone";
			};
			name = Debug;
		};
		924CA81E213F6C1E006A8164 /* Release */ = {
			isa = XCBuildConfiguration;
			buildSettings = {
				ALWAYS_SEARCH_USER_PATHS = NO;
				CLANG_ANALYZER_NONNULL = YES;
				CLANG_ANALYZER_NUMBER_OBJECT_CONVERSION = YES_AGGRESSIVE;
				CLANG_CXX_LANGUAGE_STANDARD = "gnu++14";
				CLANG_CXX_LIBRARY = "libc++";
				CLANG_ENABLE_MODULES = YES;
				CLANG_ENABLE_OBJC_ARC = YES;
				CLANG_ENABLE_OBJC_WEAK = YES;
				CLANG_WARN_BLOCK_CAPTURE_AUTORELEASING = YES;
				CLANG_WARN_BOOL_CONVERSION = YES;
				CLANG_WARN_COMMA = YES;
				CLANG_WARN_CONSTANT_CONVERSION = YES;
				CLANG_WARN_DEPRECATED_OBJC_IMPLEMENTATIONS = YES;
				CLANG_WARN_DIRECT_OBJC_ISA_USAGE = YES_ERROR;
				CLANG_WARN_DOCUMENTATION_COMMENTS = YES;
				CLANG_WARN_EMPTY_BODY = YES;
				CLANG_WARN_ENUM_CONVERSION = YES;
				CLANG_WARN_INFINITE_RECURSION = YES;
				CLANG_WARN_INT_CONVERSION = YES;
				CLANG_WARN_NON_LITERAL_NULL_CONVERSION = YES;
				CLANG_WARN_OBJC_IMPLICIT_RETAIN_SELF = YES;
				CLANG_WARN_OBJC_LITERAL_CONVERSION = YES;
				CLANG_WARN_OBJC_ROOT_CLASS = YES_ERROR;
				CLANG_WARN_RANGE_LOOP_ANALYSIS = YES;
				CLANG_WARN_STRICT_PROTOTYPES = YES;
				CLANG_WARN_SUSPICIOUS_MOVE = YES;
				CLANG_WARN_UNGUARDED_AVAILABILITY = YES_AGGRESSIVE;
				CLANG_WARN_UNREACHABLE_CODE = YES;
				CLANG_WARN__DUPLICATE_METHOD_MATCH = YES;
				CODE_SIGN_IDENTITY = "iPhone Developer";
				COPY_PHASE_STRIP = NO;
				DEBUG_INFORMATION_FORMAT = "dwarf-with-dsym";
				ENABLE_NS_ASSERTIONS = NO;
				ENABLE_STRICT_OBJC_MSGSEND = YES;
				GCC_C_LANGUAGE_STANDARD = gnu11;
				GCC_NO_COMMON_BLOCKS = YES;
				GCC_WARN_64_TO_32_BIT_CONVERSION = YES;
				GCC_WARN_ABOUT_RETURN_TYPE = YES_ERROR;
				GCC_WARN_UNDECLARED_SELECTOR = YES;
				GCC_WARN_UNINITIALIZED_AUTOS = YES_AGGRESSIVE;
				GCC_WARN_UNUSED_FUNCTION = YES;
				GCC_WARN_UNUSED_VARIABLE = YES;
				IPHONEOS_DEPLOYMENT_TARGET = 11.4;
				MTL_ENABLE_DEBUG_INFO = NO;
				SDKROOT = iphoneos;
				SWIFT_COMPILATION_MODE = wholemodule;
				SWIFT_OPTIMIZATION_LEVEL = "-O";
				VALIDATE_PRODUCT = YES;
			};
			name = Release;
		};
		924CA820213F6C1E006A8164 /* Debug */ = {
			isa = XCBuildConfiguration;
			buildSettings = {
				ASSETCATALOG_COMPILER_APPICON_NAME = AppIcon;
				CODE_SIGN_STYLE = Automatic;
				DEVELOPMENT_TEAM = 8Z2W5ZDA6N;
				INFOPLIST_FILE = MyLocations2/Info.plist;
				LD_RUNPATH_SEARCH_PATHS = (
					"$(inherited)",
					"@executable_path/Frameworks",
				);
				PRODUCT_BUNDLE_IDENTIFIER = com.meibanfa.MyLocations2;
				PRODUCT_NAME = "$(TARGET_NAME)";
				SWIFT_VERSION = 4.0;
				TARGETED_DEVICE_FAMILY = "1,2";
			};
			name = Debug;
		};
		924CA821213F6C1E006A8164 /* Release */ = {
			isa = XCBuildConfiguration;
			buildSettings = {
				ASSETCATALOG_COMPILER_APPICON_NAME = AppIcon;
				CODE_SIGN_STYLE = Automatic;
				DEVELOPMENT_TEAM = 8Z2W5ZDA6N;
				INFOPLIST_FILE = MyLocations2/Info.plist;
				LD_RUNPATH_SEARCH_PATHS = (
					"$(inherited)",
					"@executable_path/Frameworks",
				);
				PRODUCT_BUNDLE_IDENTIFIER = com.meibanfa.MyLocations2;
				PRODUCT_NAME = "$(TARGET_NAME)";
				SWIFT_VERSION = 4.0;
				TARGETED_DEVICE_FAMILY = "1,2";
			};
			name = Release;
		};
/* End XCBuildConfiguration section */

/* Begin XCConfigurationList section */
		924CA806213F6C19006A8164 /* Build configuration list for PBXProject "MyLocations2" */ = {
			isa = XCConfigurationList;
			buildConfigurations = (
				924CA81D213F6C1E006A8164 /* Debug */,
				924CA81E213F6C1E006A8164 /* Release */,
			);
			defaultConfigurationIsVisible = 0;
			defaultConfigurationName = Release;
		};
		924CA81F213F6C1E006A8164 /* Build configuration list for PBXNativeTarget "MyLocations2" */ = {
			isa = XCConfigurationList;
			buildConfigurations = (
				924CA820213F6C1E006A8164 /* Debug */,
				924CA821213F6C1E006A8164 /* Release */,
			);
			defaultConfigurationIsVisible = 0;
			defaultConfigurationName = Release;
		};
/* End XCConfigurationList section */

/* Begin XCVersionGroup section */
		924ADA542146A9CC00530001 /* DataModel.xcdatamodeld */ = {
			isa = XCVersionGroup;
			children = (
				924ADA552146A9CC00530001 /* DataModel.xcdatamodel */,
			);
			currentVersion = 924ADA552146A9CC00530001 /* DataModel.xcdatamodel */;
			path = DataModel.xcdatamodeld;
			sourceTree = "<group>";
			versionGroupType = wrapper.xcdatamodel;
		};
/* End XCVersionGroup section */
	};
	rootObject = 924CA803213F6C19006A8164 /* Project object */;
}
